{
    "_readme": [
        "This file locks the dependencies of your project to a known state",
        "Read more about it at http://getcomposer.org/doc/01-basic-usage.md#composer-lock-the-lock-file",
        "This file is @generated automatically"
    ],
    "hash": "a4183e9bc9cd738fb24d277cf495afa3",
    "packages": [
        {
            "name": "joefallon/phpautoloader",
            "version": "v2.0.3",
            "source": {
                "type": "git",
                "url": "https://github.com/joefallon/phpautoloader.git",
                "reference": "3dd432e44d6d709b86a9ed60e3aa09375b1d49af"
            },
            "dist": {
                "type": "zip",
                "url": "https://api.github.com/repos/joefallon/phpautoloader/zipball/3dd432e44d6d709b86a9ed60e3aa09375b1d49af",
                "reference": "3dd432e44d6d709b86a9ed60e3aa09375b1d49af",
                "shasum": ""
            },
            "type": "library",
            "autoload": {
                "psr-0": {
                    "JoeFallon": "src/"
                }
            },
            "notification-url": "https://packagist.org/downloads/",
            "license": [
                "MIT"
            ],
            "authors": [
                {
                    "name": "Joe Fallon",
                    "email": "joseph.t.fallon@gmail.com",
                    "homepage": "http://blog.joefallon.net/",
                    "role": "Lead Developer"
                }
            ],
            "description": "Joe's simple to use and versatile PHP autoloader.",
            "homepage": "https://github.com/joefallon/phpautoloader",
            "keywords": [
                "Simple",
                "autoloader",
                "namespace",
                "psr-0"
            ],
            "time": "2015-02-05 19:08:04"
        }
    ],
    "packages-dev": [],
    "aliases": [],
    "minimum-stability": "stable",
    "stability-flags": [],
    "prefer-stable": false,
    "prefer-lowest": false,
    "platform": {
        "php": ">=5.3.0"
    },
    "platform-dev": []
}
